
Microsoft Visual Studio Solution File, Format Version 12.00
# Visual Studio Version 17
VisualStudioVersion = 17.8.34316.72
MinimumVisualStudioVersion = 10.0.40219.1
Project("{F184B08F-C81C-45F6-A57F-5ABD9991F28F}") = "WinFormsApp2", "WinFormsApp2\WinFormsApp2.vbproj", "{C2D5950C-09C2-46B6-AD0E-22B7AB977FA5}"
EndProject
Global
	GlobalSection(SolutionConfigurationPlatforms) = preSolution
		Debug|Any CPU = Debug|Any CPU
		Release|Any CPU = Release|Any CPU
	EndGlobalSection
	GlobalSection(ProjectConfigurationPlatforms) = postSolution
		{C2D5950C-09C2-46B6-AD0E-22B7AB977FA5}.Debug|Any CPU.ActiveCfg = Debug|Any CPU
		{C2D5950C-09C2-46B6-AD0E-22B7AB977FA5}.Debug|Any CPU.Build.0 = Debug|Any CPU
		{C2D5950C-09C2-46B6-AD0E-22B7AB977FA5}.Release|Any CPU.ActiveCfg = Release|Any CPU
		{C2D5950C-09C2-46B6-AD0E-22B7AB977FA5}.Release|Any CPU.Build.0 = Release|Any CPU
	EndGlobalSection
	GlobalSection(SolutionProperties) = preSolution
		HideSolutionNode = FALSE
	EndGlobalSection
	GlobalSection(ExtensibilityGlobals) = postSolution
		SolutionGuid = {3AA7F0EB-E7A0-4856-B9B3-E4203EE46D5E}
	EndGlobalSection
EndGlobal
